Microsoft Visual Studio Solution File, Format Version 12.00
# Visual Studio Version 17
VisualStudioVersion = 17.5.2.0
MinimumVisualStudioVersion = 10.0.40219.1
Project("{FAE04EC0-301F-11D3-BF4B-00C04F79EFBC}") = "TP-N1-BaseDeDatos", "TP-N1-BaseDeDatos.csproj", "{74AB9245-C2E4-932F-E1C1-E7BC061AAAD0}"
EndProject
Global
	GlobalSection(SolutionConfigurationPlatforms) = preSolution
		Debug|Any CPU = Debug|Any CPU
		Release|Any CPU = Release|Any CPU
	EndGlobalSection
	GlobalSection(ProjectConfigurationPlatforms) = postSolution
		{74AB9245-C2E4-932F-E1C1-E7BC061AAAD0}.Debug|Any CPU.ActiveCfg = Debug|Any CPU
		{74AB9245-C2E4-932F-E1C1-E7BC061AAAD0}.Debug|Any CPU.Build.0 = Debug|Any CPU
		{74AB9245-C2E4-932F-E1C1-E7BC061AAAD0}.Release|Any CPU.ActiveCfg = Release|Any CPU
		{74AB9245-C2E4-932F-E1C1-E7BC061AAAD0}.Release|Any CPU.Build.0 = Release|Any CPU
	EndGlobalSection
	GlobalSection(SolutionProperties) = preSolution
		HideSolutionNode = FALSE
	EndGlobalSection
	GlobalSection(ExtensibilityGlobals) = postSolution
		SolutionGuid = {18F29625-CD04-481E-9E2D-22AB016B647A}
	EndGlobalSection
EndGlobal
